Microsoft Visual Studio Solution File, Format Version 12.00
# Visual Studio Version 17
VisualStudioVersion = 17.5.2.0
MinimumVisualStudioVersion = 10.0.40219.1
Project("{FAE04EC0-301F-11D3-BF4B-00C04F79EFBC}") = "AwsHelper", "AwsHelper.csproj", "{4BF05C64-43FC-29F9-0DFB-220976FBAF02}"
EndProject
Global
	GlobalSection(SolutionConfigurationPlatforms) = preSolution
		Debug|Any CPU = Debug|Any CPU
		Release|Any CPU = Release|Any CPU
	EndGlobalSection
	GlobalSection(ProjectConfigurationPlatforms) = postSolution
		{4BF05C64-43FC-29F9-0DFB-220976FBAF02}.Debug|Any CPU.ActiveCfg = Debug|Any CPU
		{4BF05C64-43FC-29F9-0DFB-220976FBAF02}.Debug|Any CPU.Build.0 = Debug|Any CPU
		{4BF05C64-43FC-29F9-0DFB-220976FBAF02}.Release|Any CPU.ActiveCfg = Release|Any CPU
		{4BF05C64-43FC-29F9-0DFB-220976FBAF02}.Release|Any CPU.Build.0 = Release|Any CPU
	EndGlobalSection
	GlobalSection(SolutionProperties) = preSolution
		HideSolutionNode = FALSE
	EndGlobalSection
	GlobalSection(ExtensibilityGlobals) = postSolution
		SolutionGuid = {5D874E7E-FC1A-441E-A3CF-47A18EC55C82}
	EndGlobalSection
EndGlobal
